
Microsoft Visual Studio Solution File, Format Version 12.00
# Visual Studio Version 16
VisualStudioVersion = 16.0.29411.108
MinimumVisualStudioVersion = 10.0.40219.1
Project("{9A19103F-16F7-4668-BE54-9A1E7A4F7556}") = "InfowareSoft.Blazor.MaterialDesign", "InfowareSoft.Blazor.MaterialDesign\InfowareSoft.Blazor.MaterialDesign.csproj", "{D78C8EC1-55EB-4B29-AF2D-94C5E4F5A230}"
EndProject
Project("{FAE04EC0-301F-11D3-BF4B-00C04F79EFBC}") = "WebApplication1", "WebApplication1\WebApplication1.csproj", "{6EBAF815-6B49-4B34-8BD3-990FD6E6DCEF}"
EndProject
Global
	GlobalSection(SolutionConfigurationPlatforms) = preSolution
		Debug|Any CPU = Debug|Any CPU
		Release|Any CPU = Release|Any CPU
	EndGlobalSection
	GlobalSection(ProjectConfigurationPlatforms) = postSolution
		{D78C8EC1-55EB-4B29-AF2D-94C5E4F5A230}.Debug|Any CPU.ActiveCfg = Debug|Any CPU
		{D78C8EC1-55EB-4B29-AF2D-94C5E4F5A230}.Debug|Any CPU.Build.0 = Debug|Any CPU
		{D78C8EC1-55EB-4B29-AF2D-94C5E4F5A230}.Release|Any CPU.ActiveCfg = Release|Any CPU
		{D78C8EC1-55EB-4B29-AF2D-94C5E4F5A230}.Release|Any CPU.Build.0 = Release|Any CPU
		{6EBAF815-6B49-4B34-8BD3-990FD6E6DCEF}.Debug|Any CPU.ActiveCfg = Debug|Any CPU
		{6EBAF815-6B49-4B34-8BD3-990FD6E6DCEF}.Debug|Any CPU.Build.0 = Debug|Any CPU
		{6EBAF815-6B49-4B34-8BD3-990FD6E6DCEF}.Release|Any CPU.ActiveCfg = Release|Any CPU
		{6EBAF815-6B49-4B34-8BD3-990FD6E6DCEF}.Release|Any CPU.Build.0 = Release|Any CPU
	EndGlobalSection
	GlobalSection(SolutionProperties) = preSolution
		HideSolutionNode = FALSE
	EndGlobalSection
	GlobalSection(ExtensibilityGlobals) = postSolution
		SolutionGuid = {65B509C4-2890-4447-9FC5-DEB6E6207CDA}
	EndGlobalSection
EndGlobal
